
Microsoft Visual Studio Solution File, Format Version 12.00
# Visual Studio 15
VisualStudioVersion = 15.0.28307.421
MinimumVisualStudioVersion = 10.0.40219.1
Project("{8BC9CEB8-8B4A-11D0-8D11-00A0C91BC942}") = "liba", "liba.vcxproj", "{45E72AAF-3C98-42BD-BD9D-2B03E2956DFE}"
EndProject
Global
	GlobalSection(SolutionConfigurationPlatforms) = preSolution
		Debug|x64 = Debug|x64
		Debug|x86 = Debug|x86
		Release|x64 = Release|x64
		Release|x86 = Release|x86
	EndGlobalSection
	GlobalSection(ProjectConfigurationPlatforms) = postSolution
		{45E72AAF-3C98-42BD-BD9D-2B03E2956DFE}.Debug|x64.ActiveCfg = Debug|x64
		{45E72AAF-3C98-42BD-BD9D-2B03E2956DFE}.Debug|x64.Build.0 = Debug|x64
		{45E72AAF-3C98-42BD-BD9D-2B03E2956DFE}.Debug|x86.ActiveCfg = Debug|Win32
		{45E72AAF-3C98-42BD-BD9D-2B03E2956DFE}.Debug|x86.Build.0 = Debug|Win32
		{45E72AAF-3C98-42BD-BD9D-2B03E2956DFE}.Release|x64.ActiveCfg = Release|x64
		{45E72AAF-3C98-42BD-BD9D-2B03E2956DFE}.Release|x64.Build.0 = Release|x64
		{45E72AAF-3C98-42BD-BD9D-2B03E2956DFE}.Release|x86.ActiveCfg = Release|Win32
		{45E72AAF-3C98-42BD-BD9D-2B03E2956DFE}.Release|x86.Build.0 = Release|Win32
	EndGlobalSection
	GlobalSection(SolutionProperties) = preSolution
		HideSolutionNode = FALSE
	EndGlobalSection
	GlobalSection(ExtensibilityGlobals) = postSolution
		SolutionGuid = {2995BDCF-5444-4841-8BEE-2F6D0176F311}
	EndGlobalSection
EndGlobal
