<?xml version="1.0" encoding="utf-8"?>
<Project ToolsVersion="4.0" xmlns="http://schemas.microsoft.com/developer/msbuild/2003">
  <ItemGroup>
    <Filter Include="Resource Files">
      <UniqueIdentifier>{67DA6AB6-F800-4c08-8B7A-83BB121AAD01}</UniqueIdentifier>
      <Extensions>rc;ico;cur;bmp;dlg;rc2;rct;bin;rgs;gif;jpg;jpeg;jpe;resx;tiff;tif;png;wav;mfcribbon-ms</Extensions>
    </Filter>
    <Filter Include="Resource Files\a1z26">
      <UniqueIdentifier>{09ff070d-b1ba-413b-98bf-cab18ebc54f5}</UniqueIdentifier>
    </Filter>
    <Filter Include="Resource Files\scytale">
      <UniqueIdentifier>{5d74b0d6-2052-470c-a614-dd787d5122af}</UniqueIdentifier>
    </Filter>
    <Filter Include="Resource Files\atbash">
      <UniqueIdentifier>{912bd140-88e9-4f3b-ac44-8b2174c9c347}</UniqueIdentifier>
    </Filter>
    <Filter Include="Resource Files\bacon">
      <UniqueIdentifier>{fc0d4af8-d9e7-475a-9279-c7193ec637dc}</UniqueIdentifier>
    </Filter>
    <Filter Include="Resource Files\xor">
      <UniqueIdentifier>{bb87e281-7e66-4267-968e-3637ac768fd7}</UniqueIdentifier>
    </Filter>
    <Filter Include="Resource Files\caesar">
      <UniqueIdentifier>{02c7e9fc-7d0c-4082-85a8-2926ec6abcd9}</UniqueIdentifier>
    </Filter>
    <Filter Include="Resource Files\rot13">
      <UniqueIdentifier>{58972e54-f018-46eb-b37d-2c85f5eecc44}</UniqueIdentifier>
    </Filter>
    <Filter Include="Resource Files\substitute">
      <UniqueIdentifier>{e3523d23-f30c-4e58-ad5a-ecb1fd4c0725}</UniqueIdentifier>
    </Filter>
    <Filter Include="Resource Files\trithemius">
      <UniqueIdentifier>{9f067f6d-629d-4f11-9ad0-73b1a6165a7a}</UniqueIdentifier>
    </Filter>
    <Filter Include="Resource Files\vigenere">
      <UniqueIdentifier>{9a0e52e8-23b9-4d4b-bab6-76081b087738}</UniqueIdentifier>
    </Filter>
  </ItemGroup>
  <ItemGroup>
    <ClCompile Include="main.c">
      <Filter>Resource Files</Filter>
    </ClCompile>
    <ClCompile Include="a1z26.c">
      <Filter>Resource Files\a1z26</Filter>
    </ClCompile>
    <ClCompile Include="scytale.c">
      <Filter>Resource Files\scytale</Filter>
    </ClCompile>
    <ClCompile Include="atbash.c">
      <Filter>Resource Files\atbash</Filter>
    </ClCompile>
    <ClCompile Include="bacon.c">
      <Filter>Resource Files\bacon</Filter>
    </ClCompile>
    <ClCompile Include="xor.c">
      <Filter>Resource Files\xor</Filter>
    </ClCompile>
    <ClCompile Include="caesar.c">
      <Filter>Resource Files\caesar</Filter>
    </ClCompile>
    <ClCompile Include="rot13.c">
      <Filter>Resource Files\rot13</Filter>
    </ClCompile>
    <ClCompile Include="substitute.c">
      <Filter>Resource Files\substitute</Filter>
    </ClCompile>
    <ClCompile Include="trithemius.c">
      <Filter>Resource Files\trithemius</Filter>
    </ClCompile>
    <ClCompile Include="vigenere.c">
      <Filter>Resource Files\vigenere</Filter>
    </ClCompile>
  </ItemGroup>
  <ItemGroup>
    <ClInclude Include="a1z26.h">
      <Filter>Resource Files\a1z26</Filter>
    </ClInclude>
    <ClInclude Include="cdef.h">
      <Filter>Resource Files</Filter>
    </ClInclude>
    <ClInclude Include="scytale.h">
      <Filter>Resource Files\scytale</Filter>
    </ClInclude>
    <ClInclude Include="atbash.h">
      <Filter>Resource Files\atbash</Filter>
    </ClInclude>
    <ClInclude Include="bacon.h">
      <Filter>Resource Files\bacon</Filter>
    </ClInclude>
    <ClInclude Include="types.h">
      <Filter>Resource Files</Filter>
    </ClInclude>
    <ClInclude Include="xor.h">
      <Filter>Resource Files\xor</Filter>
    </ClInclude>
    <ClInclude Include="caesar.h">
      <Filter>Resource Files\caesar</Filter>
    </ClInclude>
    <ClInclude Include="rot13.h">
      <Filter>Resource Files\rot13</Filter>
    </ClInclude>
    <ClInclude Include="substitute.h">
      <Filter>Resource Files\substitute</Filter>
    </ClInclude>
    <ClInclude Include="trithemius.h">
      <Filter>Resource Files\trithemius</Filter>
    </ClInclude>
    <ClInclude Include="vigenere.h">
      <Filter>Resource Files\vigenere</Filter>
    </ClInclude>
  </ItemGroup>
</Project>